
Microsoft Visual Studio Solution File, Format Version 12.00
# Visual Studio Version 16
VisualStudioVersion = 16.0.30204.135
MinimumVisualStudioVersion = 10.0.40219.1
Project("{9A19103F-16F7-4668-BE54-9A1E7A4F7556}") = "LoanUserService", "LoanApiService\LoanUserService.csproj", "{E9773802-1364-4C06-ACF5-B36DA27F159C}"
EndProject
Project("{9A19103F-16F7-4668-BE54-9A1E7A4F7556}") = "LoanManagementService", "LoanManagementService\LoanManagementService.csproj", "{D5441EF2-6280-463E-BB19-D482F2CA37D5}"
EndProject
Project("{9A19103F-16F7-4668-BE54-9A1E7A4F7556}") = "OceltApiGateway", "OceltApiGateway\OceltApiGateway.csproj", "{1B3B4A7B-8FA5-4CE8-BA9F-B0DD7BE1C074}"
EndProject
Project("{FAE04EC0-301F-11D3-BF4B-00C04F79EFBC}") = "web-api-tests", "web-api-tests\web-api-tests.csproj", "{DDE1374A-732E-4C79-A0CC-B55FCDEA6914}"
EndProject
Global
	GlobalSection(SolutionConfigurationPlatforms) = preSolution
		Debug|Any CPU = Debug|Any CPU
		Release|Any CPU = Release|Any CPU
	EndGlobalSection
	GlobalSection(ProjectConfigurationPlatforms) = postSolution
		{E9773802-1364-4C06-ACF5-B36DA27F159C}.Debug|Any CPU.ActiveCfg = Debug|Any CPU
		{E9773802-1364-4C06-ACF5-B36DA27F159C}.Debug|Any CPU.Build.0 = Debug|Any CPU
		{E9773802-1364-4C06-ACF5-B36DA27F159C}.Release|Any CPU.ActiveCfg = Release|Any CPU
		{E9773802-1364-4C06-ACF5-B36DA27F159C}.Release|Any CPU.Build.0 = Release|Any CPU
		{D5441EF2-6280-463E-BB19-D482F2CA37D5}.Debug|Any CPU.ActiveCfg = Debug|Any CPU
		{D5441EF2-6280-463E-BB19-D482F2CA37D5}.Debug|Any CPU.Build.0 = Debug|Any CPU
		{D5441EF2-6280-463E-BB19-D482F2CA37D5}.Release|Any CPU.ActiveCfg = Release|Any CPU
		{D5441EF2-6280-463E-BB19-D482F2CA37D5}.Release|Any CPU.Build.0 = Release|Any CPU
		{1B3B4A7B-8FA5-4CE8-BA9F-B0DD7BE1C074}.Debug|Any CPU.ActiveCfg = Debug|Any CPU
		{1B3B4A7B-8FA5-4CE8-BA9F-B0DD7BE1C074}.Debug|Any CPU.Build.0 = Debug|Any CPU
		{1B3B4A7B-8FA5-4CE8-BA9F-B0DD7BE1C074}.Release|Any CPU.ActiveCfg = Release|Any CPU
		{1B3B4A7B-8FA5-4CE8-BA9F-B0DD7BE1C074}.Release|Any CPU.Build.0 = Release|Any CPU
		{DDE1374A-732E-4C79-A0CC-B55FCDEA6914}.Debug|Any CPU.ActiveCfg = Debug|Any CPU
		{DDE1374A-732E-4C79-A0CC-B55FCDEA6914}.Debug|Any CPU.Build.0 = Debug|Any CPU
		{DDE1374A-732E-4C79-A0CC-B55FCDEA6914}.Release|Any CPU.ActiveCfg = Release|Any CPU
		{DDE1374A-732E-4C79-A0CC-B55FCDEA6914}.Release|Any CPU.Build.0 = Release|Any CPU
	EndGlobalSection
	GlobalSection(SolutionProperties) = preSolution
		HideSolutionNode = FALSE
	EndGlobalSection
	GlobalSection(ExtensibilityGlobals) = postSolution
		SolutionGuid = {86CF79A3-0A92-48A8-A4E1-C8B4431A0E14}
	EndGlobalSection
EndGlobal
